// !$*UTF8*$!
{
	archiveVersion = 1;
	classes = {
	};
	objectVersion = 48;
	objects = {

/* Begin PBXBuildFile section */
		C062DDCD205E92E300A4AF9D /* AppDelegate.swift in Sources */ = {isa = PBXBuildFile; fileRef = C062DDCC205E92E300A4AF9D /* AppDelegate.swift */; };
		C062DDCF205E92E300A4AF9D /* ToDoListTableViewController.swift in Sources */ = {isa = PBXBuildFile; fileRef = C062DDCE205E92E300A4AF9D /* ToDoListTableViewController.swift */; };
		C062DDD2205E92E300A4AF9D /* Main.storyboard in Resources */ = {isa = PBXBuildFile; fileRef = C062DDD0205E92E300A4AF9D /* Main.storyboard */; };
		C062DDD4205E92E300A4AF9D /* Assets.xcassets in Resources */ = {isa = PBXBuildFile; fileRef = C062DDD3205E92E300A4AF9D /* Assets.xcassets */; };
		C062DDD7205E92E300A4AF9D /* LaunchScreen.storyboard in Resources */ = {isa = PBXBuildFile; fileRef = C062DDD5205E92E300A4AF9D /* LaunchScreen.storyboard */; };
/* End PBXBuildFile section */

/* Begin PBXFileReference section */
		C062DDC9205E92E300A4AF9D /* DoList.app */ = {isa = PBXFileReference; explicitFileType = wrapper.application; includeInIndex = 0; path = DoList.app; sourceTree = BUILT_PRODUCTS_DIR; };
		C062DDCC205E92E300A4AF9D /* AppDelegate.swift */ = {isa = PBXFileReference; lastKnownFileType = sourcecode.swift; path = AppDelegate.swift; sourceTree = "<group>"; };
		C062DDCE205E92E300A4AF9D /* ToDoListTableViewController.swift */ = {isa = PBXFileReference; lastKnownFileType = sourcecode.swift; path = ToDoListTableViewController.swift; sourceTree = "<group>"; };
		C062DDD1205E92E300A4AF9D /* Base */ = {isa = PBXFileReference; lastKnownFileType = file.storyboard; name = Base; path = Base.lproj/Main.storyboard; sourceTree = "<group>"; };
		C062DDD3205E92E300A4AF9D /* Assets.xcassets */ = {isa = PBXFileReference; lastKnownFileType = folder.assetcatalog; path = Assets.xcassets; sourceTree = "<group>"; };
		C062DDD6205E92E300A4AF9D /* Base */ = {isa = PBXFileReference; lastKnownFileType = file.storyboard; name = Base; path = Base.lproj/LaunchScreen.storyboard; sourceTree = "<group>"; };
		C062DDD8205E92E300A4AF9D /* Info.plist */ = {isa = PBXFileReference; lastKnownFileType = text.plist.xml; path = Info.plist; sourceTree = "<group>"; };
/* End PBXFileReference section */

/* Begin PBXFrameworksBuildPhase section */
		C062DDC6205E92E300A4AF9D /* Frameworks */ = {
			isa = PBXFrameworksBuildPhase;
			buildActionMask = 2147483647;
			files = (
			);
			runOnlyForDeploymentPostprocessing = 0;
		};
/* End PBXFrameworksBuildPhase section */

/* Begin PBXGroup section */
		C062DDC0205E92E300A4AF9D = {
			isa = PBXGroup;
			children = (
				C062DDCB205E92E300A4AF9D /* DoList */,
				C062DDCA205E92E300A4AF9D /* Products */,
			);
			sourceTree = "<group>";
		};
		C062DDCA205E92E300A4AF9D /* Products */ = {
			isa = PBXGroup;
			children = (
				C062DDC9205E92E300A4AF9D /* DoList.app */,
			);
			name = Products;
			sourceTree = "<group>";
		};
		C062DDCB205E92E300A4AF9D /* DoList */ = {
			isa = PBXGroup;
			children = (
				C062DDCC205E92E300A4AF9D /* AppDelegate.swift */,
				C062DDCE205E92E300A4AF9D /* ToDoListTableViewController.swift */,
				C062DDD0205E92E300A4AF9D /* Main.storyboard */,
				C062DDD3205E92E300A4AF9D /* Assets.xcassets */,
				C062DDD5205E92E300A4AF9D /* LaunchScreen.storyboard */,
				C062DDD8205E92E300A4AF9D /* Info.plist */,
			);
			path = DoList;
			sourceTree = "<group>";
		};
/* End PBXGroup section */

/* Begin PBXNativeTarget section */
		C062DDC8205E92E300A4AF9D /* DoList */ = {
			isa = PBXNativeTarget;
			buildConfigurationList = C062DDDB205E92E300A4AF9D /* Build configuration list for PBXNativeTarget "DoList" */;
			buildPhases = (
				C062DDC5205E92E300A4AF9D /* Sources */,
				C062DDC6205E92E300A4AF9D /* Frameworks */,
				C062DDC7205E92E300A4AF9D /* Resources */,
			);
			buildRules = (
			);
			dependencies = (
			);
			name = DoList;
			productName = DoList;
			productReference = C062DDC9205E92E300A4AF9D /* DoList.app */;
			productType = "com.apple.product-type.application";
		};
/* End PBXNativeTarget section */

/* Begin PBXProject section */
		C062DDC1205E92E300A4AF9D /* Project object */ = {
			isa = PBXProject;
			attributes = {
				LastSwiftUpdateCheck = 0920;
				LastUpgradeCheck = 0920;
				ORGANIZATIONNAME = "parham monfared";
				TargetAttributes = {
					C062DDC8205E92E300A4AF9D = {
						CreatedOnToolsVersion = 9.2;
						ProvisioningStyle = Automatic;
					};
				};
			};
			buildConfigurationList = C062DDC4205E92E300A4AF9D /* Build configuration list for PBXProject "DoList" */;
			compatibilityVersion = "Xcode 8.0";
			developmentRegion = en;
			hasScannedForEncodings = 0;
			knownRegions = (
				en,
				Base,
			);
			mainGroup = C062DDC0205E92E300A4AF9D;
			productRefGroup = C062DDCA205E92E300A4AF9D /* Products */;
			projectDirPath = "";
			projectRoot = "";
			targets = (
				C062DDC8205E92E300A4AF9D /* DoList */,
			);
		};
/* End PBXProject section */

/* Begin PBXResourcesBuildPhase section */
		C062DDC7205E92E300A4AF9D /* Resources */ = {
			isa = PBXResourcesBuildPhase;
			buildActionMask = 2147483647;
			files = (
				C062DDD7205E92E300A4AF9D /* LaunchScreen.storyboard in Resources */,
				C062DDD4205E92E300A4AF9D /* Assets.xcassets in Resources */,
				C062DDD2205E92E300A4AF9D /* Main.storyboard in Resources */,
			);
			runOnlyForDeploymentPostprocessing = 0;
		};
/* End PBXResourcesBuildPhase section */

/* Begin PBXSourcesBuildPhase section */
		C062DDC5205E92E300A4AF9D /* Sources */ = {
			isa = PBXSourcesBuildPhase;
			buildActionMask = 2147483647;
			files = (
				C062DDCF205E92E300A4AF9D /* ToDoListTableViewController.swift in Sources */,
				C062DDCD205E92E300A4AF9D /* AppDelegate.swift in Sources */,
			);
			runOnlyForDeploymentPostprocessing = 0;
		};
/* End PBXSourcesBuildPhase section */

/* Begin PBXVariantGroup section */
		C062DDD0205E92E300A4AF9D /* Main.storyboard */ = {
			isa = PBXVariantGroup;
			children = (
				C062DDD1205E92E300A4AF9D /* Base */,
			);
			name = Main.storyboard;
			sourceTree = "<group>";
		};
		C062DDD5205E92E300A4AF9D /* LaunchScreen.storyboard */ = {
			isa = PBXVariantGroup;
			children = (
				C062DDD6205E92E300A4AF9D /* Base */,
			);
			name = LaunchScreen.storyboard;
			sourceTree = "<group>";
		};
/* End PBXVariantGroup section */

/* Begin XCBuildConfiguration section */
		C062DDD9205E92E300A4AF9D /* Debug */ = {
			isa = XCBuildConfiguration;
			buildSettings = {
				ALWAYS_SEARCH_USER_PATHS = NO;
				CLANG_ANALYZER_NONNULL = YES;
				CLANG_ANALYZER_NUMBER_OBJECT_CONVERSION = YES_AGGRESSIVE;
				CLANG_CXX_LANGUAGE_STANDARD = "gnu++14";
				CLANG_CXX_LIBRARY = "libc++";
				CLANG_ENABLE_MODULES = YES;
				CLANG_ENABLE_OBJC_ARC = YES;
				CLANG_WARN_BLOCK_CAPTURE_AUTORELEASING = YES;
				CLANG_WARN_BOOL_CONVERSION = YES;
				CLANG_WARN_COMMA = YES;
				CLANG_WARN_CONSTANT_CONVERSION = YES;
				CLANG_WARN_DIRECT_OBJC_ISA_USAGE = YES_ERROR;
				CLANG_WARN_DOCUMENTATION_COMMENTS = YES;
				CLANG_WARN_EMPTY_BODY = YES;
				CLANG_WARN_ENUM_CONVERSION = YES;
				CLANG_WARN_INFINITE_RECURSION = YES;
				CLANG_WARN_INT_CONVERSION = YES;
				CLANG_WARN_NON_LITERAL_NULL_CONVERSION = YES;
				CLANG_WARN_OBJC_LITERAL_CONVERSION = YES;
				CLANG_WARN_OBJC_ROOT_CLASS = YES_ERROR;
				CLANG_WARN_RANGE_LOOP_ANALYSIS = YES;
				CLANG_WARN_STRICT_PROTOTYPES = YES;
				CLANG_WARN_SUSPICIOUS_MOVE = YES;
				CLANG_WARN_UNGUARDED_AVAILABILITY = YES_AGGRESSIVE;
				CLANG_WARN_UNREACHABLE_CODE = YES;
				CLANG_WARN__DUPLICATE_METHOD_MATCH = YES;
				CODE_SIGN_IDENTITY = "iPhone Developer";
				COPY_PHASE_STRIP = NO;
				DEBUG_INFORMATION_FORMAT = dwarf;
				ENABLE_STRICT_OBJC_MSGSEND = YES;
				ENABLE_TESTABILITY = YES;
				GCC_C_LANGUAGE_STANDARD = gnu11;
				GCC_DYNAMIC_NO_PIC = NO;
				GCC_NO_COMMON_BLOCKS = YES;
				GCC_OPTIMIZATION_LEVEL = 0;
				GCC_PREPROCESSOR_DEFINITIONS = (
					"DEBUG=1",
					"$(inherited)",
				);
				GCC_WARN_64_TO_32_BIT_CONVERSION = YES;
				GCC_WARN_ABOUT_RETURN_TYPE = YES_ERROR;
				GCC_WARN_UNDECLARED_SELECTOR = YES;
				GCC_WARN_UNINITIALIZED_AUTOS = YES_AGGRESSIVE;
				GCC_WARN_UNUSED_FUNCTION = YES;
				GCC_WARN_UNUSED_VARIABLE = YES;
				IPHONEOS_DEPLOYMENT_TARGET = 11.2;
				MTL_ENABLE_DEBUG_INFO = YES;
				ONLY_ACTIVE_ARCH = YES;
				SDKROOT = iphoneos;
				SWIFT_ACTIVE_COMPILATION_CONDITIONS = DEBUG;
				SWIFT_OPTIMIZATION_LEVEL = "-Onone";
			};
			name = Debug;
		};
		C062DDDA205E92E300A4AF9D /* Release */ = {
			isa = XCBuildConfiguration;
			buildSettings = {
				ALWAYS_SEARCH_USER_PATHS = NO;
				CLANG_ANALYZER_NONNULL = YES;
				CLANG_ANALYZER_NUMBER_OBJECT_CONVERSION = YES_AGGRESSIVE;
				CLANG_CXX_LANGUAGE_STANDARD = "gnu++14";
				CLANG_CXX_LIBRARY = "libc++";
				CLANG_ENABLE_MODULES = YES;
				CLANG_ENABLE_OBJC_ARC = YES;
				CLANG_WARN_BLOCK_CAPTURE_AUTORELEASING = YES;
				CLANG_WARN_BOOL_CONVERSION = YES;
				CLANG_WARN_COMMA = YES;
				CLANG_WARN_CONSTANT_CONVERSION = YES;
				CLANG_WARN_DIRECT_OBJC_ISA_USAGE = YES_ERROR;
				CLANG_WARN_DOCUMENTATION_COMMENTS = YES;
				CLANG_WARN_EMPTY_BODY = YES;
				CLANG_WARN_ENUM_CONVERSION = YES;
				CLANG_WARN_INFINITE_RECURSION = YES;
				CLANG_WARN_INT_CONVERSION = YES;
				CLANG_WARN_NON_LITERAL_NULL_CONVERSION = YES;
				CLANG_WARN_OBJC_LITERAL_CONVERSION = YES;
				CLANG_WARN_OBJC_ROOT_CLASS = YES_ERROR;
				CLANG_WARN_RANGE_LOOP_ANALYSIS = YES;
				CLANG_WARN_STRICT_PROTOTYPES = YES;
				CLANG_WARN_SUSPICIOUS_MOVE = YES;
				CLANG_WARN_UNGUARDED_AVAILABILITY = YES_AGGRESSIVE;
				CLANG_WARN_UNREACHABLE_CODE = YES;
				CLANG_WARN__DUPLICATE_METHOD_MATCH = YES;
				CODE_SIGN_IDENTITY = "iPhone Developer";
				COPY_PHASE_STRIP = NO;
				DEBUG_INFORMATION_FORMAT = "dwarf-with-dsym";
				ENABLE_NS_ASSERTIONS = NO;
				ENABLE_STRICT_OBJC_MSGSEND = YES;
				GCC_C_LANGUAGE_STANDARD = gnu11;
				GCC_NO_COMMON_BLOCKS = YES;
				GCC_WARN_64_TO_32_BIT_CONVERSION = YES;
				GCC_WARN_ABOUT_RETURN_TYPE = YES_ERROR;
				GCC_WARN_UNDECLARED_SELECTOR = YES;
				GCC_WARN_UNINITIALIZED_AUTOS = YES_AGGRESSIVE;
				GCC_WARN_UNUSED_FUNCTION = YES;
				GCC_WARN_UNUSED_VARIABLE = YES;
				IPHONEOS_DEPLOYMENT_TARGET = 11.2;
				MTL_ENABLE_DEBUG_INFO = NO;
				SDKROOT = iphoneos;
				SWIFT_OPTIMIZATION_LEVEL = "-Owholemodule";
				VALIDATE_PRODUCT = YES;
			};
			name = Release;
		};
		C062DDDC205E92E300A4AF9D /* Debug */ = {
			isa = XCBuildConfiguration;
			buildSettings = {
				ASSETCATALOG_COMPILER_APPICON_NAME = AppIcon;
				CODE_SIGN_STYLE = Automatic;
				DEVELOPMENT_TEAM = J9E6RSQ98R;
				INFOPLIST_FILE = DoList/Info.plist;
				LD_RUNPATH_SEARCH_PATHS = "$(inherited) @executable_path/Frameworks";
				PRODUCT_BUNDLE_IDENTIFIER = com.evolution.DoList;
				PRODUCT_NAME = "$(TARGET_NAME)";
				SWIFT_VERSION = 4.0;
				TARGETED_DEVICE_FAMILY = "1,2";
			};
			name = Debug;
		};
		C062DDDD205E92E300A4AF9D /* Release */ = {
			isa = XCBuildConfiguration;
			buildSettings = {
				ASSETCATALOG_COMPILER_APPICON_NAME = AppIcon;
				CODE_SIGN_STYLE = Automatic;
				DEVELOPMENT_TEAM = J9E6RSQ98R;
				INFOPLIST_FILE = DoList/Info.plist;
				LD_RUNPATH_SEARCH_PATHS = "$(inherited) @executable_path/Frameworks";
				PRODUCT_BUNDLE_IDENTIFIER = com.evolution.DoList;
				PRODUCT_NAME = "$(TARGET_NAME)";
				SWIFT_VERSION = 4.0;
				TARGETED_DEVICE_FAMILY = "1,2";
			};
			name = Release;
		};
/* End XCBuildConfiguration section */

/* Begin XCConfigurationList section */
		C062DDC4205E92E300A4AF9D /* Build configuration list for PBXProject "DoList" */ = {
			isa = XCConfigurationList;
			buildConfigurations = (
				C062DDD9205E92E300A4AF9D /* Debug */,
				C062DDDA205E92E300A4AF9D /* Release */,
			);
			defaultConfigurationIsVisible = 0;
			defaultConfigurationName = Release;
		};
		C062DDDB205E92E300A4AF9D /* Build configuration list for PBXNativeTarget "DoList" */ = {
			isa = XCConfigurationList;
			buildConfigurations = (
				C062DDDC205E92E300A4AF9D /* Debug */,
				C062DDDD205E92E300A4AF9D /* Release */,
			);
			defaultConfigurationIsVisible = 0;
			defaultConfigurationName = Release;
		};
/* End XCConfigurationList section */
	};
	rootObject = C062DDC1205E92E300A4AF9D /* Project object */;
}
